
Microsoft Visual Studio Solution File, Format Version 12.00
# Visual Studio 15
VisualStudioVersion = 15.0.28010.2036
MinimumVisualStudioVersion = 10.0.40219.1
Project("{FAE04EC0-301F-11D3-BF4B-00C04F79EFBC}") = "ApmAndTasks", "ApmAndTasks\ApmAndTasks.csproj", "{DFDF9D4E-91CC-48AC-AAA2-32D9CE7B8CCC}"
EndProject
Global
	GlobalSection(SolutionConfigurationPlatforms) = preSolution
		Debug|Any CPU = Debug|Any CPU
		Release|Any CPU = Release|Any CPU
	EndGlobalSection
	GlobalSection(ProjectConfigurationPlatforms) = postSolution
		{DFDF9D4E-91CC-48AC-AAA2-32D9CE7B8CCC}.Debug|Any CPU.ActiveCfg = Debug|Any CPU
		{DFDF9D4E-91CC-48AC-AAA2-32D9CE7B8CCC}.Debug|Any CPU.Build.0 = Debug|Any CPU
		{DFDF9D4E-91CC-48AC-AAA2-32D9CE7B8CCC}.Release|Any CPU.ActiveCfg = Release|Any CPU
		{DFDF9D4E-91CC-48AC-AAA2-32D9CE7B8CCC}.Release|Any CPU.Build.0 = Release|Any CPU
	EndGlobalSection
	GlobalSection(SolutionProperties) = preSolution
		HideSolutionNode = FALSE
	EndGlobalSection
	GlobalSection(ExtensibilityGlobals) = postSolution
		SolutionGuid = {FFC4F67E-8725-4F6A-A57A-D937DF42971D}
	EndGlobalSection
EndGlobal
